// !$*UTF8*$!
{
	archiveVersion = 1;
	classes = {
	};
	objectVersion = 46;
	objects = {

/* Begin PBXBuildFile section */
		6F9171C41762F5D8009169EF /* QCTableViewCellViewController.m in Sources */ = {isa = PBXBuildFile; fileRef = 6F9171C21762F5D8009169EF /* QCTableViewCellViewController.m */; };
		6F9171C51762F5D8009169EF /* QCTableViewCellViewController.xib in Resources */ = {isa = PBXBuildFile; fileRef = 6F9171C31762F5D8009169EF /* QCTableViewCellViewController.xib */; };
		6F9171C91762F643009169EF /* QCCustomCell.m in Sources */ = {isa = PBXBuildFile; fileRef = 6F9171C81762F643009169EF /* QCCustomCell.m */; };
		6F9171CB1762F75E009169EF /* QCCustomCell.xib in Resources */ = {isa = PBXBuildFile; fileRef = 6F9171CA1762F75E009169EF /* QCCustomCell.xib */; };
		6F91724417637EE9009169EF /* MagicalImportFunctions.m in Sources */ = {isa = PBXBuildFile; fileRef = 6F91720C17637EE9009169EF /* MagicalImportFunctions.m */; };
		6F91724517637EE9009169EF /* NSAttributeDescription+MagicalDataImport.m in Sources */ = {isa = PBXBuildFile; fileRef = 6F91720E17637EE9009169EF /* NSAttributeDescription+MagicalDataImport.m */; };
		6F91724617637EE9009169EF /* NSEntityDescription+MagicalDataImport.m in Sources */ = {isa = PBXBuildFile; fileRef = 6F91721017637EE9009169EF /* NSEntityDescription+MagicalDataImport.m */; };
		6F91724717637EE9009169EF /* NSNumber+MagicalDataImport.m in Sources */ = {isa = PBXBuildFile; fileRef = 6F91721217637EE9009169EF /* NSNumber+MagicalDataImport.m */; };
		6F91724817637EE9009169EF /* NSObject+MagicalDataImport.m in Sources */ = {isa = PBXBuildFile; fileRef = 6F91721417637EE9009169EF /* NSObject+MagicalDataImport.m */; };
		6F91724917637EE9009169EF /* NSRelationshipDescription+MagicalDataImport.m in Sources */ = {isa = PBXBuildFile; fileRef = 6F91721617637EE9009169EF /* NSRelationshipDescription+MagicalDataImport.m */; };
		6F91724A17637EE9009169EF /* NSString+MagicalDataImport.m in Sources */ = {isa = PBXBuildFile; fileRef = 6F91721817637EE9009169EF /* NSString+MagicalDataImport.m */; };
		6F91724B17637EE9009169EF /* NSManagedObject+MagicalAggregation.m in Sources */ = {isa = PBXBuildFile; fileRef = 6F91721B17637EE9009169EF /* NSManagedObject+MagicalAggregation.m */; };
		6F91724C17637EE9009169EF /* NSManagedObject+MagicalDataImport.m in Sources */ = {isa = PBXBuildFile; fileRef = 6F91721D17637EE9009169EF /* NSManagedObject+MagicalDataImport.m */; };
		6F91724D17637EE9009169EF /* NSManagedObject+MagicalFinders.m in Sources */ = {isa = PBXBuildFile; fileRef = 6F91721F17637EE9009169EF /* NSManagedObject+MagicalFinders.m */; };
		6F91724E17637EE9009169EF /* NSManagedObject+MagicalRecord.m in Sources */ = {isa = PBXBuildFile; fileRef = 6F91722117637EE9009169EF /* NSManagedObject+MagicalRecord.m */; };
		6F91724F17637EE9009169EF /* NSManagedObject+MagicalRequests.m in Sources */ = {isa = PBXBuildFile; fileRef = 6F91722317637EE9009169EF /* NSManagedObject+MagicalRequests.m */; };
		6F91725017637EE9009169EF /* NSManagedObjectContext+MagicalObserving.m in Sources */ = {isa = PBXBuildFile; fileRef = 6F91722617637EE9009169EF /* NSManagedObjectContext+MagicalObserving.m */; };
		6F91725117637EE9009169EF /* NSManagedObjectContext+MagicalRecord.m in Sources */ = {isa = PBXBuildFile; fileRef = 6F91722817637EE9009169EF /* NSManagedObjectContext+MagicalRecord.m */; };
		6F91725217637EE9009169EF /* NSManagedObjectContext+MagicalSaves.m in Sources */ = {isa = PBXBuildFile; fileRef = 6F91722A17637EE9009169EF /* NSManagedObjectContext+MagicalSaves.m */; };
		6F91725317637EE9009169EF /* NSManagedObjectContext+MagicalThreading.m in Sources */ = {isa = PBXBuildFile; fileRef = 6F91722C17637EE9009169EF /* NSManagedObjectContext+MagicalThreading.m */; };
		6F91725417637EE9009169EF /* NSManagedObjectModel+MagicalRecord.m in Sources */ = {isa = PBXBuildFile; fileRef = 6F91722E17637EE9009169EF /* NSManagedObjectModel+MagicalRecord.m */; };
		6F91725517637EE9009169EF /* NSPersistentStore+MagicalRecord.m in Sources */ = {isa = PBXBuildFile; fileRef = 6F91723017637EE9009169EF /* NSPersistentStore+MagicalRecord.m */; };
		6F91725617637EE9009169EF /* NSPersistentStoreCoordinator+MagicalRecord.m in Sources */ = {isa = PBXBuildFile; fileRef = 6F91723217637EE9009169EF /* NSPersistentStoreCoordinator+MagicalRecord.m */; };
		6F91725717637EE9009169EF /* MagicalRecord+Actions.m in Sources */ = {isa = PBXBuildFile; fileRef = 6F91723517637EE9009169EF /* MagicalRecord+Actions.m */; };
		6F91725817637EE9009169EF /* MagicalRecord+ErrorHandling.m in Sources */ = {isa = PBXBuildFile; fileRef = 6F91723717637EE9009169EF /* MagicalRecord+ErrorHandling.m */; };
		6F91725917637EE9009169EF /* MagicalRecord+iCloud.m in Sources */ = {isa = PBXBuildFile; fileRef = 6F91723917637EE9009169EF /* MagicalRecord+iCloud.m */; };
		6F91725A17637EE9009169EF /* MagicalRecord+Options.m in Sources */ = {isa = PBXBuildFile; fileRef = 6F91723B17637EE9009169EF /* MagicalRecord+Options.m */; };
		6F91725B17637EE9009169EF /* MagicalRecord+Setup.m in Sources */ = {isa = PBXBuildFile; fileRef = 6F91723D17637EE9009169EF /* MagicalRecord+Setup.m */; };
		6F91725C17637EE9009169EF /* MagicalRecord+ShorthandSupport.m in Sources */ = {isa = PBXBuildFile; fileRef = 6F91723F17637EE9009169EF /* MagicalRecord+ShorthandSupport.m */; };
		6F91725D17637EE9009169EF /* MagicalRecord.m in Sources */ = {isa = PBXBuildFile; fileRef = 6F91724117637EE9009169EF /* MagicalRecord.m */; };
		6F91726017637F4B009169EF /* Model.xcdatamodeld in Sources */ = {isa = PBXBuildFile; fileRef = 6F91725E17637F4B009169EF /* Model.xcdatamodeld */; };
		6F91726517638008009169EF /* CoreData.framework in Frameworks */ = {isa = PBXBuildFile; fileRef = 6F91726417638007009169EF /* CoreData.framework */; };
		6F91726817638145009169EF /* Song.m in Sources */ = {isa = PBXBuildFile; fileRef = 6F91726717638145009169EF /* Song.m */; };
		6F917333176C3076009169EF /* QCImagePickerViewController.m in Sources */ = {isa = PBXBuildFile; fileRef = 6F917331176C3076009169EF /* QCImagePickerViewController.m */; };
		6F917334176C3076009169EF /* QCImagePickerViewController.xib in Resources */ = {isa = PBXBuildFile; fileRef = 6F917332176C3076009169EF /* QCImagePickerViewController.xib */; };
		6F917339176C3549009169EF /* QCCollectionViewController.m in Sources */ = {isa = PBXBuildFile; fileRef = 6F917337176C3549009169EF /* QCCollectionViewController.m */; };
		6F91733A176C3549009169EF /* QCCollectionViewController.xib in Resources */ = {isa = PBXBuildFile; fileRef = 6F917338176C3549009169EF /* QCCollectionViewController.xib */; };
		6F91733E176C3861009169EF /* QCCustomCollectionViewCell.m in Sources */ = {isa = PBXBuildFile; fileRef = 6F91733D176C3861009169EF /* QCCustomCollectionViewCell.m */; };
		6F917340176C3875009169EF /* QCCustomCollectionViewCell.xib in Resources */ = {isa = PBXBuildFile; fileRef = 6F91733F176C3875009169EF /* QCCustomCollectionViewCell.xib */; };
		6F917342176C39BD009169EF /* QuartzCore.framework in Frameworks */ = {isa = PBXBuildFile; fileRef = 6F917341176C39BC009169EF /* QuartzCore.framework */; };
		6F917344176C3AD2009169EF /* testImage.jpg in Resources */ = {isa = PBXBuildFile; fileRef = 6F917343176C3AD2009169EF /* testImage.jpg */; };
		6F917349176C3ECC009169EF /* QCUITapGestureRecognizerViewController.m in Sources */ = {isa = PBXBuildFile; fileRef = 6F917347176C3ECC009169EF /* QCUITapGestureRecognizerViewController.m */; };
		6F91734A176C3ECC009169EF /* QCUITapGestureRecognizerViewController.xib in Resources */ = {isa = PBXBuildFile; fileRef = 6F917348176C3ECC009169EF /* QCUITapGestureRecognizerViewController.xib */; };
		6F9173A9176CB38B009169EF /* coolImage.jpeg in Resources */ = {isa = PBXBuildFile; fileRef = 6F9173A8176CB38B009169EF /* coolImage.jpeg */; };
		6F96BC371749430C0066F2C6 /* UIKit.framework in Frameworks */ = {isa = PBXBuildFile; fileRef = 6F96BC361749430C0066F2C6 /* UIKit.framework */; };
		6F96BC391749430C0066F2C6 /* Foundation.framework in Frameworks */ = {isa = PBXBuildFile; fileRef = 6F96BC381749430C0066F2C6 /* Foundation.framework */; };
		6F96BC3B1749430C0066F2C6 /* CoreGraphics.framework in Frameworks */ = {isa = PBXBuildFile; fileRef = 6F96BC3A1749430C0066F2C6 /* CoreGraphics.framework */; };
		6F96BC411749430C0066F2C6 /* InfoPlist.strings in Resources */ = {isa = PBXBuildFile; fileRef = 6F96BC3F1749430C0066F2C6 /* InfoPlist.strings */; };
		6F96BC431749430C0066F2C6 /* main.m in Sources */ = {isa = PBXBuildFile; fileRef = 6F96BC421749430C0066F2C6 /* main.m */; };
		6F96BC471749430C0066F2C6 /* QCAppDelegate.m in Sources */ = {isa = PBXBuildFile; fileRef = 6F96BC461749430C0066F2C6 /* QCAppDelegate.m */; };
		6F96BC491749430C0066F2C6 /* Default.png in Resources */ = {isa = PBXBuildFile; fileRef = 6F96BC481749430C0066F2C6 /* Default.png */; };
		6F96BC4B1749430C0066F2C6 /* Default@2x.png in Resources */ = {isa = PBXBuildFile; fileRef = 6F96BC4A1749430C0066F2C6 /* Default@2x.png */; };
		6F96BC4D1749430C0066F2C6 /* Default-568h@2x.png in Resources */ = {isa = PBXBuildFile; fileRef = 6F96BC4C1749430C0066F2C6 /* Default-568h@2x.png */; };
		6F96BC501749430C0066F2C6 /* QCViewController.m in Sources */ = {isa = PBXBuildFile; fileRef = 6F96BC4F1749430C0066F2C6 /* QCViewController.m */; };
		6F96BC531749430C0066F2C6 /* QCViewController.xib in Resources */ = {isa = PBXBuildFile; fileRef = 6F96BC511749430C0066F2C6 /* QCViewController.xib */; };
		6F96BC5E174943FD0066F2C6 /* QCLabelViewController.m in Sources */ = {isa = PBXBuildFile; fileRef = 6F96BC5C174943FD0066F2C6 /* QCLabelViewController.m */; };
		6F96BC5F174943FD0066F2C6 /* QCLabelViewController.xib in Resources */ = {isa = PBXBuildFile; fileRef = 6F96BC5D174943FD0066F2C6 /* QCLabelViewController.xib */; };
		6F96BC6417494A910066F2C6 /* QCButtonViewController.m in Sources */ = {isa = PBXBuildFile; fileRef = 6F96BC6217494A910066F2C6 /* QCButtonViewController.m */; };
		6F96BC6517494A910066F2C6 /* QCButtonViewController.xib in Resources */ = {isa = PBXBuildFile; fileRef = 6F96BC6317494A910066F2C6 /* QCButtonViewController.xib */; };
		6F96BC6A17494F540066F2C6 /* QCTextFieldViewController.m in Sources */ = {isa = PBXBuildFile; fileRef = 6F96BC6817494F540066F2C6 /* QCTextFieldViewController.m */; };
		6F96BC6B17494F540066F2C6 /* QCTextFieldViewController.xib in Resources */ = {isa = PBXBuildFile; fileRef = 6F96BC6917494F540066F2C6 /* QCTextFieldViewController.xib */; };
		6FEC9A2A1749814E0085A3E2 /* QCBarButtonItemViewController.m in Sources */ = {isa = PBXBuildFile; fileRef = 6FEC9A281749814E0085A3E2 /* QCBarButtonItemViewController.m */; };
		6FEC9A2B1749814E0085A3E2 /* QCBarButtonItemViewController.xib in Resources */ = {isa = PBXBuildFile; fileRef = 6FEC9A291749814E0085A3E2 /* QCBarButtonItemViewController.xib */; };
		6FEC9A90175105700085A3E2 /* QCTestViewController.m in Sources */ = {isa = PBXBuildFile; fileRef = 6FEC9A8E175105700085A3E2 /* QCTestViewController.m */; };
		6FEC9A91175105700085A3E2 /* QCTestViewController.xib in Resources */ = {isa = PBXBuildFile; fileRef = 6FEC9A8F175105700085A3E2 /* QCTestViewController.xib */; };
		6FEC9AC917511D7E0085A3E2 /* QCTableViewController.m in Sources */ = {isa = PBXBuildFile; fileRef = 6FEC9AC717511D7E0085A3E2 /* QCTableViewController.m */; };
		6FEC9ACA17511D7E0085A3E2 /* QCTableViewController.xib in Resources */ = {isa = PBXBuildFile; fileRef = 6FEC9AC817511D7E0085A3E2 /* QCTableViewController.xib */; };
/* End PBXBuildFile section */

/* Begin PBXFileReference section */
		6F9171C11762F5D8009169EF /* QCTableViewCellViewController.h */ = {isa = PBXFileReference; fileEncoding = 4; lastKnownFileType = sourcecode.c.h; path = QCTableViewCellViewController.h; sourceTree = "<group>"; };
		6F9171C21762F5D8009169EF /* QCTableViewCellViewController.m */ = {isa = PBXFileReference; fileEncoding = 4; lastKnownFileType = sourcecode.c.objc; path = QCTableViewCellViewController.m; sourceTree = "<group>"; };
		6F9171C31762F5D8009169EF /* QCTableViewCellViewController.xib */ = {isa = PBXFileReference; fileEncoding = 4; lastKnownFileType = file.xib; path = QCTableViewCellViewController.xib; sourceTree = "<group>"; };
		6F9171C71762F643009169EF /* QCCustomCell.h */ = {isa = PBXFileReference; fileEncoding = 4; lastKnownFileType = sourcecode.c.h; path = QCCustomCell.h; sourceTree = "<group>"; };
		6F9171C81762F643009169EF /* QCCustomCell.m */ = {isa = PBXFileReference; fileEncoding = 4; lastKnownFileType = sourcecode.c.objc; path = QCCustomCell.m; sourceTree = "<group>"; };
		6F9171CA1762F75E009169EF /* QCCustomCell.xib */ = {isa = PBXFileReference; fileEncoding = 4; lastKnownFileType = file.xib; path = QCCustomCell.xib; sourceTree = "<group>"; };
		6F91720B17637EE9009169EF /* MagicalImportFunctions.h */ = {isa = PBXFileReference; fileEncoding = 4; lastKnownFileType = sourcecode.c.h; path = MagicalImportFunctions.h; sourceTree = "<group>"; };
		6F91720C17637EE9009169EF /* MagicalImportFunctions.m */ = {isa = PBXFileReference; fileEncoding = 4; lastKnownFileType = sourcecode.c.objc; path = MagicalImportFunctions.m; sourceTree = "<group>"; };
		6F91720D17637EE9009169EF /* NSAttributeDescription+MagicalDataImport.h */ = {isa = PBXFileReference; fileEncoding = 4; lastKnownFileType = sourcecode.c.h; path = "NSAttributeDescription+MagicalDataImport.h"; sourceTree = "<group>"; };
		6F91720E17637EE9009169EF /* NSAttributeDescription+MagicalDataImport.m */ = {isa = PBXFileReference; fileEncoding = 4; lastKnownFileType = sourcecode.c.objc; path = "NSAttributeDescription+MagicalDataImport.m"; sourceTree = "<group>"; };
		6F91720F17637EE9009169EF /* NSEntityDescription+MagicalDataImport.h */ = {isa = PBXFileReference; fileEncoding = 4; lastKnownFileType = sourcecode.c.h; path = "NSEntityDescription+MagicalDataImport.h"; sourceTree = "<group>"; };
		6F91721017637EE9009169EF /* NSEntityDescription+MagicalDataImport.m */ = {isa = PBXFileReference; fileEncoding = 4; lastKnownFileType = sourcecode.c.objc; path = "NSEntityDescription+MagicalDataImport.m"; sourceTree = "<group>"; };
		6F91721117637EE9009169EF /* NSNumber+MagicalDataImport.h */ = {isa = PBXFileReference; fileEncoding = 4; lastKnownFileType = sourcecode.c.h; path = "NSNumber+MagicalDataImport.h"; sourceTree = "<group>"; };
		6F91721217637EE9009169EF /* NSNumber+MagicalDataImport.m */ = {isa = PBXFileReference; fileEncoding = 4; lastKnownFileType = sourcecode.c.objc; path = "NSNumber+MagicalDataImport.m"; sourceTree = "<group>"; };
		6F91721317637EE9009169EF /* NSObject+MagicalDataImport.h */ = {isa = PBXFileReference; fileEncoding = 4; lastKnownFileType = sourcecode.c.h; path = "NSObject+MagicalDataImport.h"; sourceTree = "<group>"; };
		6F91721417637EE9009169EF /* NSObject+MagicalDataImport.m */ = {isa = PBXFileReference; fileEncoding = 4; lastKnownFileType = sourcecode.c.objc; path = "NSObject+MagicalDataImport.m"; sourceTree = "<group>"; };
		6F91721517637EE9009169EF /* NSRelationshipDescription+MagicalDataImport.h */ = {isa = PBXFileReference; fileEncoding = 4; lastKnownFileType = sourcecode.c.h; path = "NSRelationshipDescription+MagicalDataImport.h"; sourceTree = "<group>"; };
		6F91721617637EE9009169EF /* NSRelationshipDescription+MagicalDataImport.m */ = {isa = PBXFileReference; fileEncoding = 4; lastKnownFileType = sourcecode.c.objc; path = "NSRelationshipDescription+MagicalDataImport.m"; sourceTree = "<group>"; };
		6F91721717637EE9009169EF /* NSString+MagicalDataImport.h */ = {isa = PBXFileReference; fileEncoding = 4; lastKnownFileType = sourcecode.c.h; path = "NSString+MagicalDataImport.h"; sourceTree = "<group>"; };
		6F91721817637EE9009169EF /* NSString+MagicalDataImport.m */ = {isa = PBXFileReference; fileEncoding = 4; lastKnownFileType = sourcecode.c.objc; path = "NSString+MagicalDataImport.m"; sourceTree = "<group>"; };
		6F91721A17637EE9009169EF /* NSManagedObject+MagicalAggregation.h */ = {isa = PBXFileReference; fileEncoding = 4; lastKnownFileType = sourcecode.c.h; path = "NSManagedObject+MagicalAggregation.h"; sourceTree = "<group>"; };
		6F91721B17637EE9009169EF /* NSManagedObject+MagicalAggregation.m */ = {isa = PBXFileReference; fileEncoding = 4; lastKnownFileType = sourcecode.c.objc; path = "NSManagedObject+MagicalAggregation.m"; sourceTree = "<group>"; };
		6F91721C17637EE9009169EF /* NSManagedObject+MagicalDataImport.h */ = {isa = PBXFileReference; fileEncoding = 4; lastKnownFileType = sourcecode.c.h; path = "NSManagedObject+MagicalDataImport.h"; sourceTree = "<group>"; };
		6F91721D17637EE9009169EF /* NSManagedObject+MagicalDataImport.m */ = {isa = PBXFileReference; fileEncoding = 4; lastKnownFileType = sourcecode.c.objc; path = "NSManagedObject+MagicalDataImport.m"; sourceTree = "<group>"; };
		6F91721E17637EE9009169EF /* NSManagedObject+MagicalFinders.h */ = {isa = PBXFileReference; fileEncoding = 4; lastKnownFileType = sourcecode.c.h; path = "NSManagedObject+MagicalFinders.h"; sourceTree = "<group>"; };
		6F91721F17637EE9009169EF /* NSManagedObject+MagicalFinders.m */ = {isa = PBXFileReference; fileEncoding = 4; lastKnownFileType = sourcecode.c.objc; path = "NSManagedObject+MagicalFinders.m"; sourceTree = "<group>"; };
		6F91722017637EE9009169EF /* NSManagedObject+MagicalRecord.h */ = {isa = PBXFileReference; fileEncoding = 4; lastKnownFileType = sourcecode.c.h; path = "NSManagedObject+MagicalRecord.h"; sourceTree = "<group>"; };
		6F91722117637EE9009169EF /* NSManagedObject+MagicalRecord.m */ = {isa = PBXFileReference; fileEncoding = 4; lastKnownFileType = sourcecode.c.objc; path = "NSManagedObject+MagicalRecord.m"; sourceTree = "<group>"; };
		6F91722217637EE9009169EF /* NSManagedObject+MagicalRequests.h */ = {isa = PBXFileReference; fileEncoding = 4; lastKnownFileType = sourcecode.c.h; path = "NSManagedObject+MagicalRequests.h"; sourceTree = "<group>"; };
		6F91722317637EE9009169EF /* NSManagedObject+MagicalRequests.m */ = {isa = PBXFileReference; fileEncoding = 4; lastKnownFileType = sourcecode.c.objc; path = "NSManagedObject+MagicalRequests.m"; sourceTree = "<group>"; };
		6F91722517637EE9009169EF /* NSManagedObjectContext+MagicalObserving.h */ = {isa = PBXFileReference; fileEncoding = 4; lastKnownFileType = sourcecode.c.h; path = "NSManagedObjectContext+MagicalObserving.h"; sourceTree = "<group>"; };
		6F91722617637EE9009169EF /* NSManagedObjectContext+MagicalObserving.m */ = {isa = PBXFileReference; fileEncoding = 4; lastKnownFileType = sourcecode.c.objc; path = "NSManagedObjectContext+MagicalObserving.m"; sourceTree = "<group>"; };
		6F91722717637EE9009169EF /* NSManagedObjectContext+MagicalRecord.h */ = {isa = PBXFileReference; fileEncoding = 4; lastKnownFileType = sourcecode.c.h; path = "NSManagedObjectContext+MagicalRecord.h"; sourceTree = "<group>"; };
		6F91722817637EE9009169EF /* NSManagedObjectContext+MagicalRecord.m */ = {isa = PBXFileReference; fileEncoding = 4; lastKnownFileType = sourcecode.c.objc; path = "NSManagedObjectContext+MagicalRecord.m"; sourceTree = "<group>"; };
		6F91722917637EE9009169EF /* NSManagedObjectContext+MagicalSaves.h */ = {isa = PBXFileReference; fileEncoding = 4; lastKnownFileType = sourcecode.c.h; path = "NSManagedObjectContext+MagicalSaves.h"; sourceTree = "<group>"; };
		6F91722A17637EE9009169EF /* NSManagedObjectContext+MagicalSaves.m */ = {isa = PBXFileReference; fileEncoding = 4; lastKnownFileType = sourcecode.c.objc; path = "NSManagedObjectContext+MagicalSaves.m"; sourceTree = "<group>"; };
		6F91722B17637EE9009169EF /* NSManagedObjectContext+MagicalThreading.h */ = {isa = PBXFileReference; fileEncoding = 4; lastKnownFileType = sourcecode.c.h; path = "NSManagedObjectContext+MagicalThreading.h"; sourceTree = "<group>"; };
		6F91722C17637EE9009169EF /* NSManagedObjectContext+MagicalThreading.m */ = {isa = PBXFileReference; fileEncoding = 4; lastKnownFileType = sourcecode.c.objc; path = "NSManagedObjectContext+MagicalThreading.m"; sourceTree = "<group>"; };
		6F91722D17637EE9009169EF /* NSManagedObjectModel+MagicalRecord.h */ = {isa = PBXFileReference; fileEncoding = 4; lastKnownFileType = sourcecode.c.h; path = "NSManagedObjectModel+MagicalRecord.h"; sourceTree = "<group>"; };
		6F91722E17637EE9009169EF /* NSManagedObjectModel+MagicalRecord.m */ = {isa = PBXFileReference; fileEncoding = 4; lastKnownFileType = sourcecode.c.objc; path = "NSManagedObjectModel+MagicalRecord.m"; sourceTree = "<group>"; };
		6F91722F17637EE9009169EF /* NSPersistentStore+MagicalRecord.h */ = {isa = PBXFileReference; fileEncoding = 4; lastKnownFileType = sourcecode.c.h; path = "NSPersistentStore+MagicalRecord.h"; sourceTree = "<group>"; };
		6F91723017637EE9009169EF /* NSPersistentStore+MagicalRecord.m */ = {isa = PBXFileReference; fileEncoding = 4; lastKnownFileType = sourcecode.c.objc; path = "NSPersistentStore+MagicalRecord.m"; sourceTree = "<group>"; };
		6F91723117637EE9009169EF /* NSPersistentStoreCoordinator+MagicalRecord.h */ = {isa = PBXFileReference; fileEncoding = 4; lastKnownFileType = sourcecode.c.h; path = "NSPersistentStoreCoordinator+MagicalRecord.h"; sourceTree = "<group>"; };
		6F91723217637EE9009169EF /* NSPersistentStoreCoordinator+MagicalRecord.m */ = {isa = PBXFileReference; fileEncoding = 4; lastKnownFileType = sourcecode.c.objc; path = "NSPersistentStoreCoordinator+MagicalRecord.m"; sourceTree = "<group>"; };
		6F91723417637EE9009169EF /* MagicalRecord+Actions.h */ = {isa = PBXFileReference; fileEncoding = 4; lastKnownFileType = sourcecode.c.h; path = "MagicalRecord+Actions.h"; sourceTree = "<group>"; };
		6F91723517637EE9009169EF /* MagicalRecord+Actions.m */ = {isa = PBXFileReference; fileEncoding = 4; lastKnownFileType = sourcecode.c.objc; path = "MagicalRecord+Actions.m"; sourceTree = "<group>"; };
		6F91723617637EE9009169EF /* MagicalRecord+ErrorHandling.h */ = {isa = PBXFileReference; fileEncoding = 4; lastKnownFileType = sourcecode.c.h; path = "MagicalRecord+ErrorHandling.h"; sourceTree = "<group>"; };
		6F91723717637EE9009169EF /* MagicalRecord+ErrorHandling.m */ = {isa = PBXFileReference; fileEncoding = 4; lastKnownFileType = sourcecode.c.objc; path = "MagicalRecord+ErrorHandling.m"; sourceTree = "<group>"; };
		6F91723817637EE9009169EF /* MagicalRecord+iCloud.h */ = {isa = PBXFileReference; fileEncoding = 4; lastKnownFileType = sourcecode.c.h; path = "MagicalRecord+iCloud.h"; sourceTree = "<group>"; };
		6F91723917637EE9009169EF /* MagicalRecord+iCloud.m */ = {isa = PBXFileReference; fileEncoding = 4; lastKnownFileType = sourcecode.c.objc; path = "MagicalRecord+iCloud.m"; sourceTree = "<group>"; };
		6F91723A17637EE9009169EF /* MagicalRecord+Options.h */ = {isa = PBXFileReference; fileEncoding = 4; lastKnownFileType = sourcecode.c.h; path = "MagicalRecord+Options.h"; sourceTree = "<group>"; };
		6F91723B17637EE9009169EF /* MagicalRecord+Options.m */ = {isa = PBXFileReference; fileEncoding = 4; lastKnownFileType = sourcecode.c.objc; path = "MagicalRecord+Options.m"; sourceTree = "<group>"; };
		6F91723C17637EE9009169EF /* MagicalRecord+Setup.h */ = {isa = PBXFileReference; fileEncoding = 4; lastKnownFileType = sourcecode.c.h; path = "MagicalRecord+Setup.h"; sourceTree = "<group>"; };
		6F91723D17637EE9009169EF /* MagicalRecord+Setup.m */ = {isa = PBXFileReference; fileEncoding = 4; lastKnownFileType = sourcecode.c.objc; path = "MagicalRecord+Setup.m"; sourceTree = "<group>"; };
		6F91723E17637EE9009169EF /* MagicalRecord+ShorthandSupport.h */ = {isa = PBXFileReference; fileEncoding = 4; lastKnownFileType = sourcecode.c.h; path = "MagicalRecord+ShorthandSupport.h"; sourceTree = "<group>"; };
		6F91723F17637EE9009169EF /* MagicalRecord+ShorthandSupport.m */ = {isa = PBXFileReference; fileEncoding = 4; lastKnownFileType = sourcecode.c.objc; path = "MagicalRecord+ShorthandSupport.m"; sourceTree = "<group>"; };
		6F91724017637EE9009169EF /* MagicalRecord.h */ = {isa = PBXFileReference; fileEncoding = 4; lastKnownFileType = sourcecode.c.h; path = MagicalRecord.h; sourceTree = "<group>"; };
		6F91724117637EE9009169EF /* MagicalRecord.m */ = {isa = PBXFileReference; fileEncoding = 4; lastKnownFileType = sourcecode.c.objc; path = MagicalRecord.m; sourceTree = "<group>"; };
		6F91724217637EE9009169EF /* MagicalRecordShorthand.h */ = {isa = PBXFileReference; fileEncoding = 4; lastKnownFileType = sourcecode.c.h; path = MagicalRecordShorthand.h; sourceTree = "<group>"; };
		6F91724317637EE9009169EF /* CoreData+MagicalRecord.h */ = {isa = PBXFileReference; fileEncoding = 4; lastKnownFileType = sourcecode.c.h; path = "CoreData+MagicalRecord.h"; sourceTree = "<group>"; };
		6F91725F17637F4B009169EF /* Model.xcdatamodel */ = {isa = PBXFileReference; lastKnownFileType = wrapper.xcdatamodel; path = Model.xcdatamodel; sourceTree = "<group>"; };
		6F91726417638007009169EF /* CoreData.framework */ = {isa = PBXFileReference; lastKnownFileType = wrapper.framework; name = CoreData.framework; path = System/Library/Frameworks/CoreData.framework; sourceTree = SDKROOT; };
		6F91726617638145009169EF /* Song.h */ = {isa = PBXFileReference; fileEncoding = 4; lastKnownFileType = sourcecode.c.h; path = Song.h; sourceTree = "<group>"; };
		6F91726717638145009169EF /* Song.m */ = {isa = PBXFileReference; fileEncoding = 4; lastKnownFileType = sourcecode.c.objc; path = Song.m; sourceTree = "<group>"; };
		6F917330176C3076009169EF /* QCImagePickerViewController.h */ = {isa = PBXFileReference; fileEncoding = 4; lastKnownFileType = sourcecode.c.h; path = QCImagePickerViewController.h; sourceTree = "<group>"; };
		6F917331176C3076009169EF /* QCImagePickerViewController.m */ = {isa = PBXFileReference; fileEncoding = 4; lastKnownFileType = sourcecode.c.objc; path = QCImagePickerViewController.m; sourceTree = "<group>"; };
		6F917332176C3076009169EF /* QCImagePickerViewController.xib */ = {isa = PBXFileReference; fileEncoding = 4; lastKnownFileType = file.xib; path = QCImagePickerViewController.xib; sourceTree = "<group>"; };
		6F917336176C3549009169EF /* QCCollectionViewController.h */ = {isa = PBXFileReference; fileEncoding = 4; lastKnownFileType = sourcecode.c.h; path = QCCollectionViewController.h; sourceTree = "<group>"; };
		6F917337176C3549009169EF /* QCCollectionViewController.m */ = {isa = PBXFileReference; fileEncoding = 4; lastKnownFileType = sourcecode.c.objc; path = QCCollectionViewController.m; sourceTree = "<group>"; };
		6F917338176C3549009169EF /* QCCollectionViewController.xib */ = {isa = PBXFileReference; fileEncoding = 4; lastKnownFileType = file.xib; path = QCCollectionViewController.xib; sourceTree = "<group>"; };
		6F91733C176C3861009169EF /* QCCustomCollectionViewCell.h */ = {isa = PBXFileReference; fileEncoding = 4; lastKnownFileType = sourcecode.c.h; path = QCCustomCollectionViewCell.h; sourceTree = "<group>"; };
		6F91733D176C3861009169EF /* QCCustomCollectionViewCell.m */ = {isa = PBXFileReference; fileEncoding = 4; lastKnownFileType = sourcecode.c.objc; path = QCCustomCollectionViewCell.m; sourceTree = "<group>"; };
		6F91733F176C3875009169EF /* QCCustomCollectionViewCell.xib */ = {isa = PBXFileReference; fileEncoding = 4; lastKnownFileType = file.xib; path = QCCustomCollectionViewCell.xib; sourceTree = "<group>"; };
		6F917341176C39BC009169EF /* QuartzCore.framework */ = {isa = PBXFileReference; lastKnownFileType = wrapper.framework; name = QuartzCore.framework; path = System/Library/Frameworks/QuartzCore.framework; sourceTree = SDKROOT; };
		6F917343176C3AD2009169EF /* testImage.jpg */ = {isa = PBXFileReference; lastKnownFileType = image.jpeg; path = testImage.jpg; sourceTree = "<group>"; };
		6F917346176C3ECC009169EF /* QCUITapGestureRecognizerViewController.h */ = {isa = PBXFileReference; fileEncoding = 4; lastKnownFileType = sourcecode.c.h; path = QCUITapGestureRecognizerViewController.h; sourceTree = "<group>"; };
		6F917347176C3ECC009169EF /* QCUITapGestureRecognizerViewController.m */ = {isa = PBXFileReference; fileEncoding = 4; lastKnownFileType = sourcecode.c.objc; path = QCUITapGestureRecognizerViewController.m; sourceTree = "<group>"; };
		6F917348176C3ECC009169EF /* QCUITapGestureRecognizerViewController.xib */ = {isa = PBXFileReference; fileEncoding = 4; lastKnownFileType = file.xib; path = QCUITapGestureRecognizerViewController.xib; sourceTree = "<group>"; };
		6F9173A8176CB38B009169EF /* coolImage.jpeg */ = {isa = PBXFileReference; lastKnownFileType = image.jpeg; path = coolImage.jpeg; sourceTree = "<group>"; };
		6F96BC331749430C0066F2C6 /* ObjectLibrary.app */ = {isa = PBXFileReference; explicitFileType = wrapper.application; includeInIndex = 0; path = ObjectLibrary.app; sourceTree = BUILT_PRODUCTS_DIR; };
		6F96BC361749430C0066F2C6 /* UIKit.framework */ = {isa = PBXFileReference; lastKnownFileType = wrapper.framework; name = UIKit.framework; path = System/Library/Frameworks/UIKit.framework; sourceTree = SDKROOT; };
		6F96BC381749430C0066F2C6 /* Foundation.framework */ = {isa = PBXFileReference; lastKnownFileType = wrapper.framework; name = Foundation.framework; path = System/Library/Frameworks/Foundation.framework; sourceTree = SDKROOT; };
		6F96BC3A1749430C0066F2C6 /* CoreGraphics.framework */ = {isa = PBXFileReference; lastKnownFileType = wrapper.framework; name = CoreGraphics.framework; path = System/Library/Frameworks/CoreGraphics.framework; sourceTree = SDKROOT; };
		6F96BC3E1749430C0066F2C6 /* ObjectLibrary-Info.plist */ = {isa = PBXFileReference; lastKnownFileType = text.plist.xml; path = "ObjectLibrary-Info.plist"; sourceTree = "<group>"; };
		6F96BC401749430C0066F2C6 /* en */ = {isa = PBXFileReference; lastKnownFileType = text.plist.strings; name = en; path = en.lproj/InfoPlist.strings; sourceTree = "<group>"; };
		6F96BC421749430C0066F2C6 /* main.m */ = {isa = PBXFileReference; lastKnownFileType = sourcecode.c.objc; path = main.m; sourceTree = "<group>"; };
		6F96BC441749430C0066F2C6 /* ObjectLibrary-Prefix.pch */ = {isa = PBXFileReference; lastKnownFileType = sourcecode.c.h; path = "ObjectLibrary-Prefix.pch"; sourceTree = "<group>"; };
		6F96BC451749430C0066F2C6 /* QCAppDelegate.h */ = {isa = PBXFileReference; lastKnownFileType = sourcecode.c.h; path = QCAppDelegate.h; sourceTree = "<group>"; };
		6F96BC461749430C0066F2C6 /* QCAppDelegate.m */ = {isa = PBXFileReference; lastKnownFileType = sourcecode.c.objc; path = QCAppDelegate.m; sourceTree = "<group>"; };
		6F96BC481749430C0066F2C6 /* Default.png */ = {isa = PBXFileReference; lastKnownFileType = image.png; path = Default.png; sourceTree = "<group>"; };
		6F96BC4A1749430C0066F2C6 /* Default@2x.png */ = {isa = PBXFileReference; lastKnownFileType = image.png; path = "Default@2x.png"; sourceTree = "<group>"; };
		6F96BC4C1749430C0066F2C6 /* Default-568h@2x.png */ = {isa = PBXFileReference; lastKnownFileType = image.png; path = "Default-568h@2x.png"; sourceTree = "<group>"; };
		6F96BC4E1749430C0066F2C6 /* QCViewController.h */ = {isa = PBXFileReference; lastKnownFileType = sourcecode.c.h; path = QCViewController.h; sourceTree = "<group>"; };
		6F96BC4F1749430C0066F2C6 /* QCViewController.m */ = {isa = PBXFileReference; lastKnownFileType = sourcecode.c.objc; path = QCViewController.m; sourceTree = "<group>"; };
		6F96BC521749430C0066F2C6 /* en */ = {isa = PBXFileReference; lastKnownFileType = file.xib; name = en; path = en.lproj/QCViewController.xib; sourceTree = "<group>"; };
		6F96BC5B174943FD0066F2C6 /* QCLabelViewController.h */ = {isa = PBXFileReference; fileEncoding = 4; lastKnownFileType = sourcecode.c.h; path = QCLabelViewController.h; sourceTree = "<group>"; };
		6F96BC5C174943FD0066F2C6 /* QCLabelViewController.m */ = {isa = PBXFileReference; fileEncoding = 4; lastKnownFileType = sourcecode.c.objc; path = QCLabelViewController.m; sourceTree = "<group>"; };
		6F96BC5D174943FD0066F2C6 /* QCLabelViewController.xib */ = {isa = PBXFileReference; fileEncoding = 4; lastKnownFileType = file.xib; path = QCLabelViewController.xib; sourceTree = "<group>"; };
		6F96BC6117494A910066F2C6 /* QCButtonViewController.h */ = {isa = PBXFileReference; fileEncoding = 4; lastKnownFileType = sourcecode.c.h; path = QCButtonViewController.h; sourceTree = "<group>"; };
		6F96BC6217494A910066F2C6 /* QCButtonViewController.m */ = {isa = PBXFileReference; fileEncoding = 4; lastKnownFileType = sourcecode.c.objc; path = QCButtonViewController.m; sourceTree = "<group>"; };
		6F96BC6317494A910066F2C6 /* QCButtonViewController.xib */ = {isa = PBXFileReference; fileEncoding = 4; lastKnownFileType = file.xib; path = QCButtonViewController.xib; sourceTree = "<group>"; };
		6F96BC6717494F540066F2C6 /* QCTextFieldViewController.h */ = {isa = PBXFileReference; fileEncoding = 4; lastKnownFileType = sourcecode.c.h; path = QCTextFieldViewController.h; sourceTree = "<group>"; };
		6F96BC6817494F540066F2C6 /* QCTextFieldViewController.m */ = {isa = PBXFileReference; fileEncoding = 4; lastKnownFileType = sourcecode.c.objc; path = QCTextFieldViewController.m; sourceTree = "<group>"; };
		6F96BC6917494F540066F2C6 /* QCTextFieldViewController.xib */ = {isa = PBXFileReference; fileEncoding = 4; lastKnownFileType = file.xib; path = QCTextFieldViewController.xib; sourceTree = "<group>"; };
		6FEC9A271749814E0085A3E2 /* QCBarButtonItemViewController.h */ = {isa = PBXFileReference; fileEncoding = 4; lastKnownFileType = sourcecode.c.h; path = QCBarButtonItemViewController.h; sourceTree = "<group>"; };
		6FEC9A281749814E0085A3E2 /* QCBarButtonItemViewController.m */ = {isa = PBXFileReference; fileEncoding = 4; lastKnownFileType = sourcecode.c.objc; path = QCBarButtonItemViewController.m; sourceTree = "<group>"; };
		6FEC9A291749814E0085A3E2 /* QCBarButtonItemViewController.xib */ = {isa = PBXFileReference; fileEncoding = 4; lastKnownFileType = file.xib; path = QCBarButtonItemViewController.xib; sourceTree = "<group>"; };
		6FEC9A8D175105700085A3E2 /* QCTestViewController.h */ = {isa = PBXFileReference; fileEncoding = 4; lastKnownFileType = sourcecode.c.h; path = QCTestViewController.h; sourceTree = "<group>"; };
		6FEC9A8E175105700085A3E2 /* QCTestViewController.m */ = {isa = PBXFileReference; fileEncoding = 4; lastKnownFileType = sourcecode.c.objc; path = QCTestViewController.m; sourceTree = "<group>"; };
		6FEC9A8F175105700085A3E2 /* QCTestViewController.xib */ = {isa = PBXFileReference; fileEncoding = 4; lastKnownFileType = file.xib; path = QCTestViewController.xib; sourceTree = "<group>"; };
		6FEC9AC617511D7E0085A3E2 /* QCTableViewController.h */ = {isa = PBXFileReference; fileEncoding = 4; lastKnownFileType = sourcecode.c.h; path = QCTableViewController.h; sourceTree = "<group>"; };
		6FEC9AC717511D7E0085A3E2 /* QCTableViewController.m */ = {isa = PBXFileReference; fileEncoding = 4; lastKnownFileType = sourcecode.c.objc; path = QCTableViewController.m; sourceTree = "<group>"; };
		6FEC9AC817511D7E0085A3E2 /* QCTableViewController.xib */ = {isa = PBXFileReference; fileEncoding = 4; lastKnownFileType = file.xib; path = QCTableViewController.xib; sourceTree = "<group>"; };
/* End PBXFileReference section */

/* Begin PBXFrameworksBuildPhase section */
		6F96BC301749430C0066F2C6 /* Frameworks */ = {
			isa = PBXFrameworksBuildPhase;
			buildActionMask = 2147483647;
			files = (
				6F917342176C39BD009169EF /* QuartzCore.framework in Frameworks */,
				6F91726517638008009169EF /* CoreData.framework in Frameworks */,
				6F96BC371749430C0066F2C6 /* UIKit.framework in Frameworks */,
				6F96BC391749430C0066F2C6 /* Foundation.framework in Frameworks */,
				6F96BC3B1749430C0066F2C6 /* CoreGraphics.framework in Frameworks */,
			);
			runOnlyForDeploymentPostprocessing = 0;
		};
/* End PBXFrameworksBuildPhase section */

/* Begin PBXGroup section */
		6F9171B61762F535009169EF /* Custom UITableViewCell */ = {
			isa = PBXGroup;
			children = (
				6F9171C11762F5D8009169EF /* QCTableViewCellViewController.h */,
				6F9171C21762F5D8009169EF /* QCTableViewCellViewController.m */,
				6F9171C31762F5D8009169EF /* QCTableViewCellViewController.xib */,
				6F9171C61762F628009169EF /* CustomCell */,
			);
			name = "Custom UITableViewCell";
			sourceTree = "<group>";
		};
		6F9171C61762F628009169EF /* CustomCell */ = {
			isa = PBXGroup;
			children = (
				6F9171C71762F643009169EF /* QCCustomCell.h */,
				6F9171C81762F643009169EF /* QCCustomCell.m */,
				6F9171CA1762F75E009169EF /* QCCustomCell.xib */,
			);
			name = CustomCell;
			sourceTree = "<group>";
		};
		6F91720717637DFA009169EF /* MagicalRecord */ = {
			isa = PBXGroup;
			children = (
				6F91720817637EE9009169EF /* MagicalRecord */,
				6F91725E17637F4B009169EF /* Model.xcdatamodeld */,
				6F91726617638145009169EF /* Song.h */,
				6F91726717638145009169EF /* Song.m */,
			);
			name = MagicalRecord;
			sourceTree = "<group>";
		};
		6F91720817637EE9009169EF /* MagicalRecord */ = {
			isa = PBXGroup;
			children = (
				6F91720917637EE9009169EF /* Categories */,
				6F91723317637EE9009169EF /* Core */,
				6F91724317637EE9009169EF /* CoreData+MagicalRecord.h */,
			);
			path = MagicalRecord;
			sourceTree = "<group>";
		};
		6F91720917637EE9009169EF /* Categories */ = {
			isa = PBXGroup;
			children = (
				6F91720A17637EE9009169EF /* DataImport */,
				6F91721917637EE9009169EF /* NSManagedObject */,
				6F91722417637EE9009169EF /* NSManagedObjectContext */,
				6F91722D17637EE9009169EF /* NSManagedObjectModel+MagicalRecord.h */,
				6F91722E17637EE9009169EF /* NSManagedObjectModel+MagicalRecord.m */,
				6F91722F17637EE9009169EF /* NSPersistentStore+MagicalRecord.h */,
				6F91723017637EE9009169EF /* NSPersistentStore+MagicalRecord.m */,
				6F91723117637EE9009169EF /* NSPersistentStoreCoordinator+MagicalRecord.h */,
				6F91723217637EE9009169EF /* NSPersistentStoreCoordinator+MagicalRecord.m */,
			);
			path = Categories;
			sourceTree = "<group>";
		};
		6F91720A17637EE9009169EF /* DataImport */ = {
			isa = PBXGroup;
			children = (
				6F91720B17637EE9009169EF /* MagicalImportFunctions.h */,
				6F91720C17637EE9009169EF /* MagicalImportFunctions.m */,
				6F91720D17637EE9009169EF /* NSAttributeDescription+MagicalDataImport.h */,
				6F91720E17637EE9009169EF /* NSAttributeDescription+MagicalDataImport.m */,
				6F91720F17637EE9009169EF /* NSEntityDescription+MagicalDataImport.h */,
				6F91721017637EE9009169EF /* NSEntityDescription+MagicalDataImport.m */,
				6F91721117637EE9009169EF /* NSNumber+MagicalDataImport.h */,
				6F91721217637EE9009169EF /* NSNumber+MagicalDataImport.m */,
				6F91721317637EE9009169EF /* NSObject+MagicalDataImport.h */,
				6F91721417637EE9009169EF /* NSObject+MagicalDataImport.m */,
				6F91721517637EE9009169EF /* NSRelationshipDescription+MagicalDataImport.h */,
				6F91721617637EE9009169EF /* NSRelationshipDescription+MagicalDataImport.m */,
				6F91721717637EE9009169EF /* NSString+MagicalDataImport.h */,
				6F91721817637EE9009169EF /* NSString+MagicalDataImport.m */,
			);
			path = DataImport;
			sourceTree = "<group>";
		};
		6F91721917637EE9009169EF /* NSManagedObject */ = {
			isa = PBXGroup;
			children = (
				6F91721A17637EE9009169EF /* NSManagedObject+MagicalAggregation.h */,
				6F91721B17637EE9009169EF /* NSManagedObject+MagicalAggregation.m */,
				6F91721C17637EE9009169EF /* NSManagedObject+MagicalDataImport.h */,
				6F91721D17637EE9009169EF /* NSManagedObject+MagicalDataImport.m */,
				6F91721E17637EE9009169EF /* NSManagedObject+MagicalFinders.h */,
				6F91721F17637EE9009169EF /* NSManagedObject+MagicalFinders.m */,
				6F91722017637EE9009169EF /* NSManagedObject+MagicalRecord.h */,
				6F91722117637EE9009169EF /* NSManagedObject+MagicalRecord.m */,
				6F91722217637EE9009169EF /* NSManagedObject+MagicalRequests.h */,
				6F91722317637EE9009169EF /* NSManagedObject+MagicalRequests.m */,
			);
			path = NSManagedObject;
			sourceTree = "<group>";
		};
		6F91722417637EE9009169EF /* NSManagedObjectContext */ = {
			isa = PBXGroup;
			children = (
				6F91722517637EE9009169EF /* NSManagedObjectContext+MagicalObserving.h */,
				6F91722617637EE9009169EF /* NSManagedObjectContext+MagicalObserving.m */,
				6F91722717637EE9009169EF /* NSManagedObjectContext+MagicalRecord.h */,
				6F91722817637EE9009169EF /* NSManagedObjectContext+MagicalRecord.m */,
				6F91722917637EE9009169EF /* NSManagedObjectContext+MagicalSaves.h */,
				6F91722A17637EE9009169EF /* NSManagedObjectContext+MagicalSaves.m */,
				6F91722B17637EE9009169EF /* NSManagedObjectContext+MagicalThreading.h */,
				6F91722C17637EE9009169EF /* NSManagedObjectContext+MagicalThreading.m */,
			);
			path = NSManagedObjectContext;
			sourceTree = "<group>";
		};
		6F91723317637EE9009169EF /* Core */ = {
			isa = PBXGroup;
			children = (
				6F91723417637EE9009169EF /* MagicalRecord+Actions.h */,
				6F91723517637EE9009169EF /* MagicalRecord+Actions.m */,
				6F91723617637EE9009169EF /* MagicalRecord+ErrorHandling.h */,
				6F91723717637EE9009169EF /* MagicalRecord+ErrorHandling.m */,
				6F91723817637EE9009169EF /* MagicalRecord+iCloud.h */,
				6F91723917637EE9009169EF /* MagicalRecord+iCloud.m */,
				6F91723A17637EE9009169EF /* MagicalRecord+Options.h */,
				6F91723B17637EE9009169EF /* MagicalRecord+Options.m */,
				6F91723C17637EE9009169EF /* MagicalRecord+Setup.h */,
				6F91723D17637EE9009169EF /* MagicalRecord+Setup.m */,
				6F91723E17637EE9009169EF /* MagicalRecord+ShorthandSupport.h */,
				6F91723F17637EE9009169EF /* MagicalRecord+ShorthandSupport.m */,
				6F91724017637EE9009169EF /* MagicalRecord.h */,
				6F91724117637EE9009169EF /* MagicalRecord.m */,
				6F91724217637EE9009169EF /* MagicalRecordShorthand.h */,
			);
			path = Core;
			sourceTree = "<group>";
		};
		6F91732F176C3058009169EF /* UIImagePicker */ = {
			isa = PBXGroup;
			children = (
				6F917330176C3076009169EF /* QCImagePickerViewController.h */,
				6F917331176C3076009169EF /* QCImagePickerViewController.m */,
				6F917332176C3076009169EF /* QCImagePickerViewController.xib */,
			);
			name = UIImagePicker;
			sourceTree = "<group>";
		};
		6F917335176C3529009169EF /* UICollectionView */ = {
			isa = PBXGroup;
			children = (
				6F917336176C3549009169EF /* QCCollectionViewController.h */,
				6F917337176C3549009169EF /* QCCollectionViewController.m */,
				6F917338176C3549009169EF /* QCCollectionViewController.xib */,
				6F91733B176C383D009169EF /* CustomCollectionViewCell */,
			);
			name = UICollectionView;
			sourceTree = "<group>";
		};
		6F91733B176C383D009169EF /* CustomCollectionViewCell */ = {
			isa = PBXGroup;
			children = (
				6F91733C176C3861009169EF /* QCCustomCollectionViewCell.h */,
				6F91733D176C3861009169EF /* QCCustomCollectionViewCell.m */,
				6F91733F176C3875009169EF /* QCCustomCollectionViewCell.xib */,
			);
			name = CustomCollectionViewCell;
			sourceTree = "<group>";
		};
		6F917345176C3EA8009169EF /* UITapGestureRecognizer */ = {
			isa = PBXGroup;
			children = (
				6F917346176C3ECC009169EF /* QCUITapGestureRecognizerViewController.h */,
				6F917347176C3ECC009169EF /* QCUITapGestureRecognizerViewController.m */,
				6F917348176C3ECC009169EF /* QCUITapGestureRecognizerViewController.xib */,
			);
			name = UITapGestureRecognizer;
			sourceTree = "<group>";
		};
		6F96BC2A1749430C0066F2C6 = {
			isa = PBXGroup;
			children = (
				6F96BC3C1749430C0066F2C6 /* ObjectLibrary */,
				6F96BC351749430C0066F2C6 /* Frameworks */,
				6F96BC341749430C0066F2C6 /* Products */,
			);
			sourceTree = "<group>";
		};
		6F96BC341749430C0066F2C6 /* Products */ = {
			isa = PBXGroup;
			children = (
				6F96BC331749430C0066F2C6 /* ObjectLibrary.app */,
			);
			name = Products;
			sourceTree = "<group>";
		};
		6F96BC351749430C0066F2C6 /* Frameworks */ = {
			isa = PBXGroup;
			children = (
				6F917341176C39BC009169EF /* QuartzCore.framework */,
				6F91726417638007009169EF /* CoreData.framework */,
				6F96BC361749430C0066F2C6 /* UIKit.framework */,
				6F96BC381749430C0066F2C6 /* Foundation.framework */,
				6F96BC3A1749430C0066F2C6 /* CoreGraphics.framework */,
			);
			name = Frameworks;
			sourceTree = "<group>";
		};
		6F96BC3C1749430C0066F2C6 /* ObjectLibrary */ = {
			isa = PBXGroup;
			children = (
				6F96BC5A174943550066F2C6 /* Initalization */,
				6F96BC59174943340066F2C6 /* Label */,
				6F96BC60174949C80066F2C6 /* Button */,
				6F96BC6617494F170066F2C6 /* TextField */,
				6FEC9A26174981200085A3E2 /* BarButtonItem */,
				6FEC9A861750F04E0085A3E2 /* TableView */,
				6F9171B61762F535009169EF /* Custom UITableViewCell */,
				6F91732F176C3058009169EF /* UIImagePicker */,
				6F917335176C3529009169EF /* UICollectionView */,
				6F917345176C3EA8009169EF /* UITapGestureRecognizer */,
				6F91720717637DFA009169EF /* MagicalRecord */,
				6F96BC3D1749430C0066F2C6 /* Supporting Files */,
			);
			path = ObjectLibrary;
			sourceTree = "<group>";
		};
		6F96BC3D1749430C0066F2C6 /* Supporting Files */ = {
			isa = PBXGroup;
			children = (
				6F9173A8176CB38B009169EF /* coolImage.jpeg */,
				6F917343176C3AD2009169EF /* testImage.jpg */,
				6F96BC3E1749430C0066F2C6 /* ObjectLibrary-Info.plist */,
				6F96BC3F1749430C0066F2C6 /* InfoPlist.strings */,
				6F96BC421749430C0066F2C6 /* main.m */,
				6F96BC441749430C0066F2C6 /* ObjectLibrary-Prefix.pch */,
				6F96BC481749430C0066F2C6 /* Default.png */,
				6F96BC4A1749430C0066F2C6 /* Default@2x.png */,
				6F96BC4C1749430C0066F2C6 /* Default-568h@2x.png */,
			);
			name = "Supporting Files";
			sourceTree = "<group>";
		};
		6F96BC59174943340066F2C6 /* Label */ = {
			isa = PBXGroup;
			children = (
				6F96BC5B174943FD0066F2C6 /* QCLabelViewController.h */,
				6F96BC5C174943FD0066F2C6 /* QCLabelViewController.m */,
				6F96BC5D174943FD0066F2C6 /* QCLabelViewController.xib */,
			);
			name = Label;
			sourceTree = "<group>";
		};
		6F96BC5A174943550066F2C6 /* Initalization */ = {
			isa = PBXGroup;
			children = (
				6F96BC451749430C0066F2C6 /* QCAppDelegate.h */,
				6F96BC461749430C0066F2C6 /* QCAppDelegate.m */,
				6F96BC4E1749430C0066F2C6 /* QCViewController.h */,
				6F96BC4F1749430C0066F2C6 /* QCViewController.m */,
				6F96BC511749430C0066F2C6 /* QCViewController.xib */,
			);
			name = Initalization;
			sourceTree = "<group>";
		};
		6F96BC60174949C80066F2C6 /* Button */ = {
			isa = PBXGroup;
			children = (
				6F96BC6117494A910066F2C6 /* QCButtonViewController.h */,
				6F96BC6217494A910066F2C6 /* QCButtonViewController.m */,
				6F96BC6317494A910066F2C6 /* QCButtonViewController.xib */,
			);
			name = Button;
			sourceTree = "<group>";
		};
		6F96BC6617494F170066F2C6 /* TextField */ = {
			isa = PBXGroup;
			children = (
				6F96BC6717494F540066F2C6 /* QCTextFieldViewController.h */,
				6F96BC6817494F540066F2C6 /* QCTextFieldViewController.m */,
				6F96BC6917494F540066F2C6 /* QCTextFieldViewController.xib */,
			);
			name = TextField;
			sourceTree = "<group>";
		};
		6FEC9A26174981200085A3E2 /* BarButtonItem */ = {
			isa = PBXGroup;
			children = (
				6FEC9A271749814E0085A3E2 /* QCBarButtonItemViewController.h */,
				6FEC9A281749814E0085A3E2 /* QCBarButtonItemViewController.m */,
				6FEC9A291749814E0085A3E2 /* QCBarButtonItemViewController.xib */,
				6FEC9A8C175105110085A3E2 /* NewViewController */,
			);
			name = BarButtonItem;
			sourceTree = "<group>";
		};
		6FEC9A861750F04E0085A3E2 /* TableView */ = {
			isa = PBXGroup;
			children = (
				6FEC9AC617511D7E0085A3E2 /* QCTableViewController.h */,
				6FEC9AC717511D7E0085A3E2 /* QCTableViewController.m */,
				6FEC9AC817511D7E0085A3E2 /* QCTableViewController.xib */,
			);
			name = TableView;
			sourceTree = "<group>";
		};
		6FEC9A8C175105110085A3E2 /* NewViewController */ = {
			isa = PBXGroup;
			children = (
				6FEC9A8D175105700085A3E2 /* QCTestViewController.h */,
				6FEC9A8E175105700085A3E2 /* QCTestViewController.m */,
				6FEC9A8F175105700085A3E2 /* QCTestViewController.xib */,
			);
			name = NewViewController;
			sourceTree = "<group>";
		};
/* End PBXGroup section */

/* Begin PBXNativeTarget section */
		6F96BC321749430C0066F2C6 /* ObjectLibrary */ = {
			isa = PBXNativeTarget;
			buildConfigurationList = 6F96BC561749430C0066F2C6 /* Build configuration list for PBXNativeTarget "ObjectLibrary" */;
			buildPhases = (
				6F96BC2F1749430C0066F2C6 /* Sources */,
				6F96BC301749430C0066F2C6 /* Frameworks */,
				6F96BC311749430C0066F2C6 /* Resources */,
			);
			buildRules = (
			);
			dependencies = (
			);
			name = ObjectLibrary;
			productName = ObjectLibrary;
			productReference = 6F96BC331749430C0066F2C6 /* ObjectLibrary.app */;
			productType = "com.apple.product-type.application";
		};
/* End PBXNativeTarget section */

/* Begin PBXProject section */
		6F96BC2B1749430C0066F2C6 /* Project object */ = {
			isa = PBXProject;
			attributes = {
				CLASSPREFIX = QC;
				LastUpgradeCheck = 0460;
				ORGANIZATIONNAME = self.edu;
			};
			buildConfigurationList = 6F96BC2E1749430C0066F2C6 /* Build configuration list for PBXProject "ObjectLibrary" */;
			compatibilityVersion = "Xcode 3.2";
			developmentRegion = English;
			hasScannedForEncodings = 0;
			knownRegions = (
				en,
			);
			mainGroup = 6F96BC2A1749430C0066F2C6;
			productRefGroup = 6F96BC341749430C0066F2C6 /* Products */;
			projectDirPath = "";
			projectRoot = "";
			targets = (
				6F96BC321749430C0066F2C6 /* ObjectLibrary */,
			);
		};
/* End PBXProject section */

/* Begin PBXResourcesBuildPhase section */
		6F96BC311749430C0066F2C6 /* Resources */ = {
			isa = PBXResourcesBuildPhase;
			buildActionMask = 2147483647;
			files = (
				6F96BC411749430C0066F2C6 /* InfoPlist.strings in Resources */,
				6F96BC491749430C0066F2C6 /* Default.png in Resources */,
				6F96BC4B1749430C0066F2C6 /* Default@2x.png in Resources */,
				6F96BC4D1749430C0066F2C6 /* Default-568h@2x.png in Resources */,
				6F96BC531749430C0066F2C6 /* QCViewController.xib in Resources */,
				6F96BC5F174943FD0066F2C6 /* QCLabelViewController.xib in Resources */,
				6F96BC6517494A910066F2C6 /* QCButtonViewController.xib in Resources */,
				6F96BC6B17494F540066F2C6 /* QCTextFieldViewController.xib in Resources */,
				6FEC9A2B1749814E0085A3E2 /* QCBarButtonItemViewController.xib in Resources */,
				6FEC9A91175105700085A3E2 /* QCTestViewController.xib in Resources */,
				6FEC9ACA17511D7E0085A3E2 /* QCTableViewController.xib in Resources */,
				6F9171C51762F5D8009169EF /* QCTableViewCellViewController.xib in Resources */,
				6F9171CB1762F75E009169EF /* QCCustomCell.xib in Resources */,
				6F917334176C3076009169EF /* QCImagePickerViewController.xib in Resources */,
				6F91733A176C3549009169EF /* QCCollectionViewController.xib in Resources */,
				6F917340176C3875009169EF /* QCCustomCollectionViewCell.xib in Resources */,
				6F917344176C3AD2009169EF /* testImage.jpg in Resources */,
				6F91734A176C3ECC009169EF /* QCUITapGestureRecognizerViewController.xib in Resources */,
				6F9173A9176CB38B009169EF /* coolImage.jpeg in Resources */,
			);
			runOnlyForDeploymentPostprocessing = 0;
		};
/* End PBXResourcesBuildPhase section */

/* Begin PBXSourcesBuildPhase section */
		6F96BC2F1749430C0066F2C6 /* Sources */ = {
			isa = PBXSourcesBuildPhase;
			buildActionMask = 2147483647;
			files = (
				6F96BC431749430C0066F2C6 /* main.m in Sources */,
				6F96BC471749430C0066F2C6 /* QCAppDelegate.m in Sources */,
				6F96BC501749430C0066F2C6 /* QCViewController.m in Sources */,
				6F96BC5E174943FD0066F2C6 /* QCLabelViewController.m in Sources */,
				6F96BC6417494A910066F2C6 /* QCButtonViewController.m in Sources */,
				6F96BC6A17494F540066F2C6 /* QCTextFieldViewController.m in Sources */,
				6FEC9A2A1749814E0085A3E2 /* QCBarButtonItemViewController.m in Sources */,
				6FEC9A90175105700085A3E2 /* QCTestViewController.m in Sources */,
				6FEC9AC917511D7E0085A3E2 /* QCTableViewController.m in Sources */,
				6F9171C41762F5D8009169EF /* QCTableViewCellViewController.m in Sources */,
				6F9171C91762F643009169EF /* QCCustomCell.m in Sources */,
				6F91724417637EE9009169EF /* MagicalImportFunctions.m in Sources */,
				6F91724517637EE9009169EF /* NSAttributeDescription+MagicalDataImport.m in Sources */,
				6F91724617637EE9009169EF /* NSEntityDescription+MagicalDataImport.m in Sources */,
				6F91724717637EE9009169EF /* NSNumber+MagicalDataImport.m in Sources */,
				6F91724817637EE9009169EF /* NSObject+MagicalDataImport.m in Sources */,
				6F91724917637EE9009169EF /* NSRelationshipDescription+MagicalDataImport.m in Sources */,
				6F91724A17637EE9009169EF /* NSString+MagicalDataImport.m in Sources */,
				6F91724B17637EE9009169EF /* NSManagedObject+MagicalAggregation.m in Sources */,
				6F91724C17637EE9009169EF /* NSManagedObject+MagicalDataImport.m in Sources */,
				6F91724D17637EE9009169EF /* NSManagedObject+MagicalFinders.m in Sources */,
				6F91724E17637EE9009169EF /* NSManagedObject+MagicalRecord.m in Sources */,
				6F91724F17637EE9009169EF /* NSManagedObject+MagicalRequests.m in Sources */,
				6F91725017637EE9009169EF /* NSManagedObjectContext+MagicalObserving.m in Sources */,
				6F91725117637EE9009169EF /* NSManagedObjectContext+MagicalRecord.m in Sources */,
				6F91725217637EE9009169EF /* NSManagedObjectContext+MagicalSaves.m in Sources */,
				6F91725317637EE9009169EF /* NSManagedObjectContext+MagicalThreading.m in Sources */,
				6F91725417637EE9009169EF /* NSManagedObjectModel+MagicalRecord.m in Sources */,
				6F91725517637EE9009169EF /* NSPersistentStore+MagicalRecord.m in Sources */,
				6F91725617637EE9009169EF /* NSPersistentStoreCoordinator+MagicalRecord.m in Sources */,
				6F91725717637EE9009169EF /* MagicalRecord+Actions.m in Sources */,
				6F91725817637EE9009169EF /* MagicalRecord+ErrorHandling.m in Sources */,
				6F91725917637EE9009169EF /* MagicalRecord+iCloud.m in Sources */,
				6F91725A17637EE9009169EF /* MagicalRecord+Options.m in Sources */,
				6F91725B17637EE9009169EF /* MagicalRecord+Setup.m in Sources */,
				6F91725C17637EE9009169EF /* MagicalRecord+ShorthandSupport.m in Sources */,
				6F91725D17637EE9009169EF /* MagicalRecord.m in Sources */,
				6F91726017637F4B009169EF /* Model.xcdatamodeld in Sources */,
				6F91726817638145009169EF /* Song.m in Sources */,
				6F917333176C3076009169EF /* QCImagePickerViewController.m in Sources */,
				6F917339176C3549009169EF /* QCCollectionViewController.m in Sources */,
				6F91733E176C3861009169EF /* QCCustomCollectionViewCell.m in Sources */,
				6F917349176C3ECC009169EF /* QCUITapGestureRecognizerViewController.m in Sources */,
			);
			runOnlyForDeploymentPostprocessing = 0;
		};
/* End PBXSourcesBuildPhase section */

/* Begin PBXVariantGroup section */
		6F96BC3F1749430C0066F2C6 /* InfoPlist.strings */ = {
			isa = PBXVariantGroup;
			children = (
				6F96BC401749430C0066F2C6 /* en */,
			);
			name = InfoPlist.strings;
			sourceTree = "<group>";
		};
		6F96BC511749430C0066F2C6 /* QCViewController.xib */ = {
			isa = PBXVariantGroup;
			children = (
				6F96BC521749430C0066F2C6 /* en */,
			);
			name = QCViewController.xib;
			sourceTree = "<group>";
		};
/* End PBXVariantGroup section */

/* Begin XCBuildConfiguration section */
		6F96BC541749430C0066F2C6 /* Debug */ = {
			isa = XCBuildConfiguration;
			buildSettings = {
				ALWAYS_SEARCH_USER_PATHS = NO;
				CLANG_CXX_LANGUAGE_STANDARD = "gnu++0x";
				CLANG_CXX_LIBRARY = "libc++";
				CLANG_ENABLE_OBJC_ARC = YES;
				CLANG_WARN_CONSTANT_CONVERSION = YES;
				CLANG_WARN_EMPTY_BODY = YES;
				CLANG_WARN_ENUM_CONVERSION = YES;
				CLANG_WARN_INT_CONVERSION = YES;
				CLANG_WARN__DUPLICATE_METHOD_MATCH = YES;
				"CODE_SIGN_IDENTITY[sdk=iphoneos*]" = "iPhone Developer";
				COPY_PHASE_STRIP = NO;
				GCC_C_LANGUAGE_STANDARD = gnu99;
				GCC_DYNAMIC_NO_PIC = NO;
				GCC_OPTIMIZATION_LEVEL = 0;
				GCC_PREPROCESSOR_DEFINITIONS = (
					"DEBUG=1",
					"$(inherited)",
				);
				GCC_SYMBOLS_PRIVATE_EXTERN = NO;
				GCC_WARN_ABOUT_RETURN_TYPE = YES;
				GCC_WARN_UNINITIALIZED_AUTOS = YES;
				GCC_WARN_UNUSED_VARIABLE = YES;
				IPHONEOS_DEPLOYMENT_TARGET = 6.1;
				ONLY_ACTIVE_ARCH = YES;
				SDKROOT = iphoneos;
			};
			name = Debug;
		};
		6F96BC551749430C0066F2C6 /* Release */ = {
			isa = XCBuildConfiguration;
			buildSettings = {
				ALWAYS_SEARCH_USER_PATHS = NO;
				CLANG_CXX_LANGUAGE_STANDARD = "gnu++0x";
				CLANG_CXX_LIBRARY = "libc++";
				CLANG_ENABLE_OBJC_ARC = YES;
				CLANG_WARN_CONSTANT_CONVERSION = YES;
				CLANG_WARN_EMPTY_BODY = YES;
				CLANG_WARN_ENUM_CONVERSION = YES;
				CLANG_WARN_INT_CONVERSION = YES;
				CLANG_WARN__DUPLICATE_METHOD_MATCH = YES;
				"CODE_SIGN_IDENTITY[sdk=iphoneos*]" = "iPhone Developer";
				COPY_PHASE_STRIP = YES;
				GCC_C_LANGUAGE_STANDARD = gnu99;
				GCC_WARN_ABOUT_RETURN_TYPE = YES;
				GCC_WARN_UNINITIALIZED_AUTOS = YES;
				GCC_WARN_UNUSED_VARIABLE = YES;
				IPHONEOS_DEPLOYMENT_TARGET = 6.1;
				OTHER_CFLAGS = "-DNS_BLOCK_ASSERTIONS=1";
				SDKROOT = iphoneos;
				VALIDATE_PRODUCT = YES;
			};
			name = Release;
		};
		6F96BC571749430C0066F2C6 /* Debug */ = {
			isa = XCBuildConfiguration;
			buildSettings = {
				GCC_PRECOMPILE_PREFIX_HEADER = YES;
				GCC_PREFIX_HEADER = "ObjectLibrary/ObjectLibrary-Prefix.pch";
				INFOPLIST_FILE = "ObjectLibrary/ObjectLibrary-Info.plist";
				PRODUCT_NAME = "$(TARGET_NAME)";
				WRAPPER_EXTENSION = app;
			};
			name = Debug;
		};
		6F96BC581749430C0066F2C6 /* Release */ = {
			isa = XCBuildConfiguration;
			buildSettings = {
				GCC_PRECOMPILE_PREFIX_HEADER = YES;
				GCC_PREFIX_HEADER = "ObjectLibrary/ObjectLibrary-Prefix.pch";
				INFOPLIST_FILE = "ObjectLibrary/ObjectLibrary-Info.plist";
				PRODUCT_NAME = "$(TARGET_NAME)";
				WRAPPER_EXTENSION = app;
			};
			name = Release;
		};
/* End XCBuildConfiguration section */

/* Begin XCConfigurationList section */
		6F96BC2E1749430C0066F2C6 /* Build configuration list for PBXProject "ObjectLibrary" */ = {
			isa = XCConfigurationList;
			buildConfigurations = (
				6F96BC541749430C0066F2C6 /* Debug */,
				6F96BC551749430C0066F2C6 /* Release */,
			);
			defaultConfigurationIsVisible = 0;
			defaultConfigurationName = Release;
		};
		6F96BC561749430C0066F2C6 /* Build configuration list for PBXNativeTarget "ObjectLibrary" */ = {
			isa = XCConfigurationList;
			buildConfigurations = (
				6F96BC571749430C0066F2C6 /* Debug */,
				6F96BC581749430C0066F2C6 /* Release */,
			);
			defaultConfigurationIsVisible = 0;
			defaultConfigurationName = Release;
		};
/* End XCConfigurationList section */

/* Begin XCVersionGroup section */
		6F91725E17637F4B009169EF /* Model.xcdatamodeld */ = {
			isa = XCVersionGroup;
			children = (
				6F91725F17637F4B009169EF /* Model.xcdatamodel */,
			);
			currentVersion = 6F91725F17637F4B009169EF /* Model.xcdatamodel */;
			path = Model.xcdatamodeld;
			sourceTree = "<group>";
			versionGroupType = wrapper.xcdatamodel;
		};
/* End XCVersionGroup section */
	};
	rootObject = 6F96BC2B1749430C0066F2C6 /* Project object */;
}
